
Microsoft Visual Studio Solution File, Format Version 12.00
# Visual Studio 15
VisualStudioVersion = 15.0.27703.2042
MinimumVisualStudioVersion = 10.0.40219.1
Project("{FAE04EC0-301F-11D3-BF4B-00C04F79EFBC}") = "Builder", "DesignPatternsWoodshed\Builder.csproj", "{55CC8C72-CEA3-4ECA-A87F-D5D0D030D8A6}"
EndProject
Project("{2150E333-8FDC-42A3-9474-1A3956D46DE8}") = "Builder", "Builder", "{B9F47F14-8070-48BF-A02E-157A6E8DE9F6}"
EndProject
Project("{FAE04EC0-301F-11D3-BF4B-00C04F79EFBC}") = "Factory", "Factory\Factory.csproj", "{EB6F2D57-C62F-4F27-8BC0-818B1E4373C9}"
EndProject
Project("{FAE04EC0-301F-11D3-BF4B-00C04F79EFBC}") = "Prototype", "Prototype\Prototype.csproj", "{38134E3B-5F7B-4482-A5B5-C200974AFEE2}"
EndProject
Global
	GlobalSection(SolutionConfigurationPlatforms) = preSolution
		Debug|Any CPU = Debug|Any CPU
		Release|Any CPU = Release|Any CPU
	EndGlobalSection
	GlobalSection(ProjectConfigurationPlatforms) = postSolution
		{55CC8C72-CEA3-4ECA-A87F-D5D0D030D8A6}.Debug|Any CPU.ActiveCfg = Debug|Any CPU
		{55CC8C72-CEA3-4ECA-A87F-D5D0D030D8A6}.Debug|Any CPU.Build.0 = Debug|Any CPU
		{55CC8C72-CEA3-4ECA-A87F-D5D0D030D8A6}.Release|Any CPU.ActiveCfg = Release|Any CPU
		{55CC8C72-CEA3-4ECA-A87F-D5D0D030D8A6}.Release|Any CPU.Build.0 = Release|Any CPU
		{EB6F2D57-C62F-4F27-8BC0-818B1E4373C9}.Debug|Any CPU.ActiveCfg = Debug|Any CPU
		{EB6F2D57-C62F-4F27-8BC0-818B1E4373C9}.Debug|Any CPU.Build.0 = Debug|Any CPU
		{EB6F2D57-C62F-4F27-8BC0-818B1E4373C9}.Release|Any CPU.ActiveCfg = Release|Any CPU
		{EB6F2D57-C62F-4F27-8BC0-818B1E4373C9}.Release|Any CPU.Build.0 = Release|Any CPU
		{38134E3B-5F7B-4482-A5B5-C200974AFEE2}.Debug|Any CPU.ActiveCfg = Debug|Any CPU
		{38134E3B-5F7B-4482-A5B5-C200974AFEE2}.Debug|Any CPU.Build.0 = Debug|Any CPU
		{38134E3B-5F7B-4482-A5B5-C200974AFEE2}.Release|Any CPU.ActiveCfg = Release|Any CPU
		{38134E3B-5F7B-4482-A5B5-C200974AFEE2}.Release|Any CPU.Build.0 = Release|Any CPU
	EndGlobalSection
	GlobalSection(SolutionProperties) = preSolution
		HideSolutionNode = FALSE
	EndGlobalSection
	GlobalSection(NestedProjects) = preSolution
		{55CC8C72-CEA3-4ECA-A87F-D5D0D030D8A6} = {B9F47F14-8070-48BF-A02E-157A6E8DE9F6}
	EndGlobalSection
	GlobalSection(ExtensibilityGlobals) = postSolution
		SolutionGuid = {89D39722-61B9-4930-B11E-6E971AB7045B}
	EndGlobalSection
EndGlobal
